Microsoft Visual Studio Solution File, Format Version 12.00
# Visual Studio Version 17
VisualStudioVersion = 17.5.2.0
MinimumVisualStudioVersion = 10.0.40219.1
Project("{9A19103F-16F7-4668-BE54-9A1E7A4F7556}") = "MediaFileAnalyzer", "MediaFileAnalyzer.csproj", "{54E58319-F123-53B2-B718-E2670DF74864}"
EndProject
Global
	GlobalSection(SolutionConfigurationPlatforms) = preSolution
		Debug|Any CPU = Debug|Any CPU
		Release|Any CPU = Release|Any CPU
	EndGlobalSection
	GlobalSection(ProjectConfigurationPlatforms) = postSolution
		{54E58319-F123-53B2-B718-E2670DF74864}.Debug|Any CPU.ActiveCfg = Debug|Any CPU
		{54E58319-F123-53B2-B718-E2670DF74864}.Debug|Any CPU.Build.0 = Debug|Any CPU
		{54E58319-F123-53B2-B718-E2670DF74864}.Release|Any CPU.ActiveCfg = Release|Any CPU
		{54E58319-F123-53B2-B718-E2670DF74864}.Release|Any CPU.Build.0 = Release|Any CPU
	EndGlobalSection
	GlobalSection(SolutionProperties) = preSolution
		HideSolutionNode = FALSE
	EndGlobalSection
	GlobalSection(ExtensibilityGlobals) = postSolution
		SolutionGuid = {3A862635-25AB-445A-8BEE-CCC54B03121E}
	EndGlobalSection
EndGlobal
